lockfileVersion: '9.0'

settings:
  autoInstallPeers: true
  excludeLinksFromLockfile: false

importers:

  .:
    devDependencies:
      prettier:
        specifier: ^3.5.0
        version: 3.8.1
      prettier-plugin-svelte:
        specifier: ^3.3.0
        version: 3.5.1(prettier@3.8.1)(svelte@5.53.12)
      turbo:
        specifier: ^2.5.0
        version: 2.8.17

  apps/blackjack:
    devDependencies:
      '@maber/config':
        specifier: workspace:*
        version: link:../../packages/config
      '@maber/ui':
        specifier: workspace:*
        version: link:../../packages/ui
      '@maber/utils':
        specifier: workspace:*
        version: link:../../packages/utils
      '@sveltejs/adapter-vercel':
        specifier: ^5.7.0
        version: 5.10.3(@sveltejs/kit@2.55.0(@sveltejs/vite-plugin-svelte@5.1.1(svelte@5.53.12)(vite@6.4.1(jiti@2.6.1)(lightningcss@1.31.1)))(svelte@5.53.12)(typescript@5.9.3)(vite@6.4.1(jiti@2.6.1)(lightningcss@1.31.1)))(rollup@4.59.0)
      '@sveltejs/kit':
        specifier: ^2.16.0
        version: 2.55.0(@sveltejs/vite-plugin-svelte@5.1.1(svelte@5.53.12)(vite@6.4.1(jiti@2.6.1)(lightningcss@1.31.1)))(svelte@5.53.12)(typescript@5.9.3)(vite@6.4.1(jiti@2.6.1)(lightningcss@1.31.1))
      '@sveltejs/vite-plugin-svelte':
        specifier: ^5.0.0
        version: 5.1.1(svelte@5.53.12)(vite@6.4.1(jiti@2.6.1)(lightningcss@1.31.1))
      '@tailwindcss/vite':
        specifier: ^4.1.0
        version: 4.2.1(vite@6.4.1(jiti@2.6.1)(lightningcss@1.31.1))
      svelte:
        specifier: ^5.0.0
        version: 5.53.12
      svelte-check:
        specifier: ^4.1.0
        version: 4.4.5(picomatch@4.0.3)(svelte@5.53.12)(typescript@5.9.3)
      tailwindcss:
        specifier: ^4.1.0
        version: 4.2.1
      typescript:
        specifier: ^5.8.0
        version: 5.9.3
      vite:
        specifier: ^6.2.0
        version: 6.4.1(jiti@2.6.1)(lightningcss@1.31.1)

  apps/landing:
    devDependencies:
      '@maber/config':
        specifier: workspace:*
        version: link:../../packages/config
      '@maber/ui':
        specifier: workspace:*
        version: link:../../packages/ui
      '@maber/utils':
        specifier: workspace:*
        version: link:../../packages/utils
      '@sveltejs/adapter-vercel':
        specifier: ^5.7.0
        version: 5.10.3(@sveltejs/kit@2.55.0(@sveltejs/vite-plugin-svelte@5.1.1(svelte@5.53.12)(vite@6.4.1(jiti@2.6.1)(lightningcss@1.31.1)))(svelte@5.53.12)(typescript@5.9.3)(vite@6.4.1(jiti@2.6.1)(lightningcss@1.31.1)))(rollup@4.59.0)
      '@sveltejs/kit':
        specifier: ^2.16.0
        version: 2.55.0(@sveltejs/vite-plugin-svelte@5.1.1(svelte@5.53.12)(vite@6.4.1(jiti@2.6.1)(lightningcss@1.31.1)))(svelte@5.53.12)(typescript@5.9.3)(vite@6.4.1(jiti@2.6.1)(lightningcss@1.31.1))
      '@sveltejs/vite-plugin-svelte':
        specifier: ^5.0.0
        version: 5.1.1(svelte@5.53.12)(vite@6.4.1(jiti@2.6.1)(lightningcss@1.31.1))
      '@tailwindcss/vite':
        specifier: ^4.1.0
        version: 4.2.1(vite@6.4.1(jiti@2.6.1)(lightningcss@1.31.1))
      svelte:
        specifier: ^5.0.0
        version: 5.53.12
      svelte-check:
        specifier: ^4.1.0
        version: 4.4.5(picomatch@4.0.3)(svelte@5.53.12)(typescript@5.9.3)
      tailwindcss:
        specifier: ^4.1.0
        version: 4.2.1
      typescript:
        specifier: ^5.8.0
        version: 5.9.3
      vite:
        specifier: ^6.2.0
        version: 6.4.1(jiti@2.6.1)(lightningcss@1.31.1)

  apps/pcpc:
    dependencies:
      '@azure/cosmos':
        specifier: ^4.3.0
        version: 4.9.1(@azure/core-client@1.10.1)
      '@azure/storage-blob':
        specifier: ^12.27.0
        version: 12.31.0
      chart.js:
        specifier: ^4.4.0
        version: 4.5.1
      redis:
        specifier: ^4.7.0
        version: 4.7.1
    devDependencies:
      '@maber/config':
        specifier: workspace:*
        version: link:../../packages/config
      '@maber/ui':
        specifier: workspace:*
        version: link:../../packages/ui
      '@maber/utils':
        specifier: workspace:*
        version: link:../../packages/utils
      '@sveltejs/adapter-vercel':
        specifier: ^5.7.0
        version: 5.10.3(@sveltejs/kit@2.55.0(@sveltejs/vite-plugin-svelte@5.1.1(svelte@5.53.12)(vite@6.4.1(jiti@2.6.1)(lightningcss@1.31.1)))(svelte@5.53.12)(typescript@5.9.3)(vite@6.4.1(jiti@2.6.1)(lightningcss@1.31.1)))(rollup@4.59.0)
      '@sveltejs/kit':
        specifier: ^2.16.0
        version: 2.55.0(@sveltejs/vite-plugin-svelte@5.1.1(svelte@5.53.12)(vite@6.4.1(jiti@2.6.1)(lightningcss@1.31.1)))(svelte@5.53.12)(typescript@5.9.3)(vite@6.4.1(jiti@2.6.1)(lightningcss@1.31.1))
      '@sveltejs/vite-plugin-svelte':
        specifier: ^5.0.0
        version: 5.1.1(svelte@5.53.12)(vite@6.4.1(jiti@2.6.1)(lightningcss@1.31.1))
      '@tailwindcss/vite':
        specifier: ^4.1.0
        version: 4.2.1(vite@6.4.1(jiti@2.6.1)(lightningcss@1.31.1))
      svelte:
        specifier: ^5.0.0
        version: 5.53.12
      svelte-check:
        specifier: ^4.1.0
        version: 4.4.5(picomatch@4.0.3)(svelte@5.53.12)(typescript@5.9.3)
      tailwindcss:
        specifier: ^4.1.0
        version: 4.2.1
      typescript:
        specifier: ^5.8.0
        version: 5.9.3
      vite:
        specifier: ^6.2.0
        version: 6.4.1(jiti@2.6.1)(lightningcss@1.31.1)
      vitest:
        specifier: ^3.0.0
        version: 3.2.4(jiti@2.6.1)(lightningcss@1.31.1)

  apps/portfolio:
    devDependencies:
      '@maber/config':
        specifier: workspace:*
        version: link:../../packages/config
      '@maber/ui':
        specifier: workspace:*
        version: link:../../packages/ui
      '@maber/utils':
        specifier: workspace:*
        version: link:../../packages/utils
      '@sveltejs/adapter-vercel':
        specifier: ^5.7.0
        version: 5.10.3(@sveltejs/kit@2.55.0(@sveltejs/vite-plugin-svelte@5.1.1(svelte@5.53.12)(vite@6.4.1(jiti@2.6.1)(lightningcss@1.31.1)))(svelte@5.53.12)(typescript@5.9.3)(vite@6.4.1(jiti@2.6.1)(lightningcss@1.31.1)))(rollup@4.59.0)
      '@sveltejs/kit':
        specifier: ^2.16.0
        version: 2.55.0(@sveltejs/vite-plugin-svelte@5.1.1(svelte@5.53.12)(vite@6.4.1(jiti@2.6.1)(lightningcss@1.31.1)))(svelte@5.53.12)(typescript@5.9.3)(vite@6.4.1(jiti@2.6.1)(lightningcss@1.31.1))
      '@sveltejs/vite-plugin-svelte':
        specifier: ^5.0.0
        version: 5.1.1(svelte@5.53.12)(vite@6.4.1(jiti@2.6.1)(lightningcss@1.31.1))
      '@tailwindcss/vite':
        specifier: ^4.1.0
        version: 4.2.1(vite@6.4.1(jiti@2.6.1)(lightningcss@1.31.1))
      svelte:
        specifier: ^5.0.0
        version: 5.53.12
      svelte-check:
        specifier: ^4.1.0
        version: 4.4.5(picomatch@4.0.3)(svelte@5.53.12)(typescript@5.9.3)
      tailwindcss:
        specifier: ^4.1.0
        version: 4.2.1
      typescript:
        specifier: ^5.8.0
        version: 5.9.3
      vite:
        specifier: ^6.2.0
        version: 6.4.1(jiti@2.6.1)(lightningcss@1.31.1)

  packages/config:
    devDependencies:
      '@eslint/js':
        specifier: ^9.22.0
        version: 9.39.4
      '@tailwindcss/vite':
        specifier: ^4.1.0
        version: 4.2.1(vite@6.4.1(jiti@2.6.1)(lightningcss@1.31.1))
      eslint:
        specifier: ^9.22.0
        version: 9.39.4(jiti@2.6.1)
      eslint-plugin-svelte:
        specifier: ^3.5.0
        version: 3.15.2(eslint@9.39.4(jiti@2.6.1))(svelte@5.53.12)
      globals:
        specifier: ^16.0.0
        version: 16.5.0
      tailwindcss:
        specifier: ^4.1.0
        version: 4.2.1
      typescript:
        specifier: ^5.8.0
        version: 5.9.3
      typescript-eslint:
        specifier: ^8.26.0
        version: 8.57.0(eslint@9.39.4(jiti@2.6.1))(typescript@5.9.3)

  packages/ui:
    devDependencies:
      '@maber/config':
        specifier: workspace:*
        version: link:../config
      svelte:
        specifier: ^5.0.0
        version: 5.53.12
      svelte-check:
        specifier: ^4.1.0
        version: 4.4.5(picomatch@4.0.3)(svelte@5.53.12)(typescript@5.9.3)
      typescript:
        specifier: ^5.8.0
        version: 5.9.3

  packages/utils:
    devDependencies:
      '@maber/config':
        specifier: workspace:*
        version: link:../config
      typescript:
        specifier: ^5.8.0
        version: 5.9.3

packages:

  '@kurkle/color@0.3.4':
    resolution: {integrity: sha512-M5UknZPHRu3DEDWoipU6sE8PdkZ6Z/S+v4dD+Ke8IaNlpdSQah50lz1KtcFBa2vsdOnwbbnxJwVM4wty6udA5w==}

  chart.js@4.5.1:
    resolution: {integrity: sha512-GIjfiT9dbmHRiYi6Nl2yFCq7kkwdkp1W/lp2J99rX0yo9tgJGn3lKQATztIjb5tVtevcBtIdICNWqlq5+E8/Pw==}
    engines: {pnpm: '>=8'}

snapshots:

  '@kurkle/color@0.3.4': {}

  chart.js@4.5.1:
    dependencies:
      '@kurkle/color': 0.3.4
